// !$*UTF8*$!
{
	archiveVersion = 1;
	classes = {
	};
	objectVersion = 46;
	objects = {

/* Begin PBXBuildFile section */
		E64B06B81E48500400F6759F /* main.m in Sources */ = {isa = PBXBuildFile; fileRef = E64B06B71E48500400F6759F /* main.m */; };
		E64B06BB1E48500400F6759F /* AppDelegate.m in Sources */ = {isa = PBXBuildFile; fileRef = E64B06BA1E48500400F6759F /* AppDelegate.m */; };
		E64B06BE1E48500400F6759F /* ViewController.m in Sources */ = {isa = PBXBuildFile; fileRef = E64B06BD1E48500400F6759F /* ViewController.m */; };
		E64B06C11E48500400F6759F /* Main.storyboard in Resources */ = {isa = PBXBuildFile; fileRef = E64B06BF1E48500400F6759F /* Main.storyboard */; };
		E64B06C31E48500400F6759F /* Assets.xcassets in Resources */ = {isa = PBXBuildFile; fileRef = E64B06C21E48500400F6759F /* Assets.xcassets */; };
		E64B06C61E48500400F6759F /* LaunchScreen.storyboard in Resources */ = {isa = PBXBuildFile; fileRef = E64B06C41E48500400F6759F /* LaunchScreen.storyboard */; };
		E64B06D11E48500400F6759F /* ZCSegmentControlTests.m in Sources */ = {isa = PBXBuildFile; fileRef = E64B06D01E48500400F6759F /* ZCSegmentControlTests.m */; };
		E64B06DC1E48500400F6759F /* ZCSegmentControlUITests.m in Sources */ = {isa = PBXBuildFile; fileRef = E64B06DB1E48500400F6759F /* ZCSegmentControlUITests.m */; };
		E64B06EB1E48506D00F6759F /* SegCtrlBarView.m in Sources */ = {isa = PBXBuildFile; fileRef = E64B06EA1E48506D00F6759F /* SegCtrlBarView.m */; };
		E64B06EE1E48536E00F6759F /* SegCtrlItem.m in Sources */ = {isa = PBXBuildFile; fileRef = E64B06ED1E48536E00F6759F /* SegCtrlItem.m */; };
		E64B06F11E48546100F6759F /* UIView+Size.m in Sources */ = {isa = PBXBuildFile; fileRef = E64B06F01E48546100F6759F /* UIView+Size.m */; };
		E6DD55811E49A6B90087465A /* ConstDef.h in Sources */ = {isa = PBXBuildFile; fileRef = E6DD55801E49A6B90087465A /* ConstDef.h */; };
		E6DD55851E49C7240087465A /* SegCtrlScrollView.m in Sources */ = {isa = PBXBuildFile; fileRef = E6DD55841E49C7240087465A /* SegCtrlScrollView.m */; };
		E6DD55921E49D6370087465A /* FifthViewController.m in Sources */ = {isa = PBXBuildFile; fileRef = E6DD55871E49D6370087465A /* FifthViewController.m */; };
		E6DD55931E49D6370087465A /* FirstViewController.m in Sources */ = {isa = PBXBuildFile; fileRef = E6DD55891E49D6370087465A /* FirstViewController.m */; };
		E6DD55941E49D6370087465A /* FourthViewController.m in Sources */ = {isa = PBXBuildFile; fileRef = E6DD558B1E49D6370087465A /* FourthViewController.m */; };
		E6DD55951E49D6370087465A /* SecondViewController.m in Sources */ = {isa = PBXBuildFile; fileRef = E6DD558D1E49D6370087465A /* SecondViewController.m */; };
		E6DD55961E49D6370087465A /* SixthViewController.m in Sources */ = {isa = PBXBuildFile; fileRef = E6DD558F1E49D6370087465A /* SixthViewController.m */; };
		E6DD55971E49D6370087465A /* ThirdViewController.m in Sources */ = {isa = PBXBuildFile; fileRef = E6DD55911E49D6370087465A /* ThirdViewController.m */; };
/* End PBXBuildFile section */

/* Begin PBXContainerItemProxy section */
		E64B06CD1E48500400F6759F /* PBXContainerItemProxy */ = {
			isa = PBXContainerItemProxy;
			containerPortal = E64B06AB1E48500400F6759F /* Project object */;
			proxyType = 1;
			remoteGlobalIDString = E64B06B21E48500400F6759F;
			remoteInfo = ZCSegmentControl;
		};
		E64B06D81E48500400F6759F /* PBXContainerItemProxy */ = {
			isa = PBXContainerItemProxy;
			containerPortal = E64B06AB1E48500400F6759F /* Project object */;
			proxyType = 1;
			remoteGlobalIDString = E64B06B21E48500400F6759F;
			remoteInfo = ZCSegmentControl;
		};
/* End PBXContainerItemProxy section */

/* Begin PBXFileReference section */
		E64B06B31E48500400F6759F /* ZCSegmentControl.app */ = {isa = PBXFileReference; explicitFileType = wrapper.application; includeInIndex = 0; path = ZCSegmentControl.app; sourceTree = BUILT_PRODUCTS_DIR; };
		E64B06B71E48500400F6759F /* main.m */ = {isa = PBXFileReference; lastKnownFileType = sourcecode.c.objc; path = main.m; sourceTree = "<group>"; };
		E64B06B91E48500400F6759F /* AppDelegate.h */ = {isa = PBXFileReference; lastKnownFileType = sourcecode.c.h; path = AppDelegate.h; sourceTree = "<group>"; };
		E64B06BA1E48500400F6759F /* AppDelegate.m */ = {isa = PBXFileReference; lastKnownFileType = sourcecode.c.objc; path = AppDelegate.m; sourceTree = "<group>"; };
		E64B06BC1E48500400F6759F /* ViewController.h */ = {isa = PBXFileReference; lastKnownFileType = sourcecode.c.h; path = ViewController.h; sourceTree = "<group>"; };
		E64B06BD1E48500400F6759F /* ViewController.m */ = {isa = PBXFileReference; lastKnownFileType = sourcecode.c.objc; path = ViewController.m; sourceTree = "<group>"; };
		E64B06C01E48500400F6759F /* Base */ = {isa = PBXFileReference; lastKnownFileType = file.storyboard; name = Base; path = Base.lproj/Main.storyboard; sourceTree = "<group>"; };
		E64B06C21E48500400F6759F /* Assets.xcassets */ = {isa = PBXFileReference; lastKnownFileType = folder.assetcatalog; path = Assets.xcassets; sourceTree = "<group>"; };
		E64B06C51E48500400F6759F /* Base */ = {isa = PBXFileReference; lastKnownFileType = file.storyboard; name = Base; path = Base.lproj/LaunchScreen.storyboard; sourceTree = "<group>"; };
		E64B06C71E48500400F6759F /* Info.plist */ = {isa = PBXFileReference; lastKnownFileType = text.plist.xml; path = Info.plist; sourceTree = "<group>"; };
		E64B06CC1E48500400F6759F /* ZCSegmentControlTests.xctest */ = {isa = PBXFileReference; explicitFileType = wrapper.cfbundle; includeInIndex = 0; path = ZCSegmentControlTests.xctest; sourceTree = BUILT_PRODUCTS_DIR; };
		E64B06D01E48500400F6759F /* ZCSegmentControlTests.m */ = {isa = PBXFileReference; lastKnownFileType = sourcecode.c.objc; path = ZCSegmentControlTests.m; sourceTree = "<group>"; };
		E64B06D21E48500400F6759F /* Info.plist */ = {isa = PBXFileReference; lastKnownFileType = text.plist.xml; path = Info.plist; sourceTree = "<group>"; };
		E64B06D71E48500400F6759F /* ZCSegmentControlUITests.xctest */ = {isa = PBXFileReference; explicitFileType = wrapper.cfbundle; includeInIndex = 0; path = ZCSegmentControlUITests.xctest; sourceTree = BUILT_PRODUCTS_DIR; };
		E64B06DB1E48500400F6759F /* ZCSegmentControlUITests.m */ = {isa = PBXFileReference; lastKnownFileType = sourcecode.c.objc; path = ZCSegmentControlUITests.m; sourceTree = "<group>"; };
		E64B06DD1E48500400F6759F /* Info.plist */ = {isa = PBXFileReference; lastKnownFileType = text.plist.xml; path = Info.plist; sourceTree = "<group>"; };
		E64B06E91E48506D00F6759F /* SegCtrlBarView.h */ = {isa = PBXFileReference; fileEncoding = 4; lastKnownFileType = sourcecode.c.h; path = SegCtrlBarView.h; sourceTree = "<group>"; };
		E64B06EA1E48506D00F6759F /* SegCtrlBarView.m */ = {isa = PBXFileReference; fileEncoding = 4; lastKnownFileType = sourcecode.c.objc; path = SegCtrlBarView.m; sourceTree = "<group>"; };
		E64B06EC1E48536E00F6759F /* SegCtrlItem.h */ = {isa = PBXFileReference; fileEncoding = 4; lastKnownFileType = sourcecode.c.h; path = SegCtrlItem.h; sourceTree = "<group>"; };
		E64B06ED1E48536E00F6759F /* SegCtrlItem.m */ = {isa = PBXFileReference; fileEncoding = 4; lastKnownFileType = sourcecode.c.objc; path = SegCtrlItem.m; sourceTree = "<group>"; };
		E64B06EF1E48546100F6759F /* UIView+Size.h */ = {isa = PBXFileReference; fileEncoding = 4; lastKnownFileType = sourcecode.c.h; path = "UIView+Size.h"; sourceTree = "<group>"; };
		E64B06F01E48546100F6759F /* UIView+Size.m */ = {isa = PBXFileReference; fileEncoding = 4; lastKnownFileType = sourcecode.c.objc; path = "UIView+Size.m"; sourceTree = "<group>"; };
		E6DD55801E49A6B90087465A /* ConstDef.h */ = {isa = PBXFileReference; fileEncoding = 4; lastKnownFileType = sourcecode.c.h; path = ConstDef.h; sourceTree = "<group>"; };
		E6DD55831E49C7240087465A /* SegCtrlScrollView.h */ = {isa = PBXFileReference; fileEncoding = 4; lastKnownFileType = sourcecode.c.h; path = SegCtrlScrollView.h; sourceTree = "<group>"; };
		E6DD55841E49C7240087465A /* SegCtrlScrollView.m */ = {isa = PBXFileReference; fileEncoding = 4; lastKnownFileType = sourcecode.c.objc; path = SegCtrlScrollView.m; sourceTree = "<group>"; };
		E6DD55861E49D6370087465A /* FifthViewController.h */ = {isa = PBXFileReference; fileEncoding = 4; lastKnownFileType = sourcecode.c.h; path = FifthViewController.h; sourceTree = "<group>"; };
		E6DD55871E49D6370087465A /* FifthViewController.m */ = {isa = PBXFileReference; fileEncoding = 4; lastKnownFileType = sourcecode.c.objc; path = FifthViewController.m; sourceTree = "<group>"; };
		E6DD55881E49D6370087465A /* FirstViewController.h */ = {isa = PBXFileReference; fileEncoding = 4; lastKnownFileType = sourcecode.c.h; path = FirstViewController.h; sourceTree = "<group>"; };
		E6DD55891E49D6370087465A /* FirstViewController.m */ = {isa = PBXFileReference; fileEncoding = 4; lastKnownFileType = sourcecode.c.objc; path = FirstViewController.m; sourceTree = "<group>"; };
		E6DD558A1E49D6370087465A /* FourthViewController.h */ = {isa = PBXFileReference; fileEncoding = 4; lastKnownFileType = sourcecode.c.h; path = FourthViewController.h; sourceTree = "<group>"; };
		E6DD558B1E49D6370087465A /* FourthViewController.m */ = {isa = PBXFileReference; fileEncoding = 4; lastKnownFileType = sourcecode.c.objc; path = FourthViewController.m; sourceTree = "<group>"; };
		E6DD558C1E49D6370087465A /* SecondViewController.h */ = {isa = PBXFileReference; fileEncoding = 4; lastKnownFileType = sourcecode.c.h; path = SecondViewController.h; sourceTree = "<group>"; };
		E6DD558D1E49D6370087465A /* SecondViewController.m */ = {isa = PBXFileReference; fileEncoding = 4; lastKnownFileType = sourcecode.c.objc; path = SecondViewController.m; sourceTree = "<group>"; };
		E6DD558E1E49D6370087465A /* SixthViewController.h */ = {isa = PBXFileReference; fileEncoding = 4; lastKnownFileType = sourcecode.c.h; path = SixthViewController.h; sourceTree = "<group>"; };
		E6DD558F1E49D6370087465A /* SixthViewController.m */ = {isa = PBXFileReference; fileEncoding = 4; lastKnownFileType = sourcecode.c.objc; path = SixthViewController.m; sourceTree = "<group>"; };
		E6DD55901E49D6370087465A /* ThirdViewController.h */ = {isa = PBXFileReference; fileEncoding = 4; lastKnownFileType = sourcecode.c.h; path = ThirdViewController.h; sourceTree = "<group>"; };
		E6DD55911E49D6370087465A /* ThirdViewController.m */ = {isa = PBXFileReference; fileEncoding = 4; lastKnownFileType = sourcecode.c.objc; path = ThirdViewController.m; sourceTree = "<group>"; };
/* End PBXFileReference section */

/* Begin PBXFrameworksBuildPhase section */
		E64B06B01E48500400F6759F /* Frameworks */ = {
			isa = PBXFrameworksBuildPhase;
			buildActionMask = 2147483647;
			files = (
			);
			runOnlyForDeploymentPostprocessing = 0;
		};
		E64B06C91E48500400F6759F /* Frameworks */ = {
			isa = PBXFrameworksBuildPhase;
			buildActionMask = 2147483647;
			files = (
			);
			runOnlyForDeploymentPostprocessing = 0;
		};
		E64B06D41E48500400F6759F /* Frameworks */ = {
			isa = PBXFrameworksBuildPhase;
			buildActionMask = 2147483647;
			files = (
			);
			runOnlyForDeploymentPostprocessing = 0;
		};
/* End PBXFrameworksBuildPhase section */

/* Begin PBXGroup section */
		E64B06AA1E48500400F6759F = {
			isa = PBXGroup;
			children = (
				E64B06B51E48500400F6759F /* ZCSegmentControl */,
				E64B06CF1E48500400F6759F /* ZCSegmentControlTests */,
				E64B06DA1E48500400F6759F /* ZCSegmentControlUITests */,
				E64B06B41E48500400F6759F /* Products */,
			);
			sourceTree = "<group>";
		};
		E64B06B41E48500400F6759F /* Products */ = {
			isa = PBXGroup;
			children = (
				E64B06B31E48500400F6759F /* ZCSegmentControl.app */,
				E64B06CC1E48500400F6759F /* ZCSegmentControlTests.xctest */,
				E64B06D71E48500400F6759F /* ZCSegmentControlUITests.xctest */,
			);
			name = Products;
			sourceTree = "<group>";
		};
		E64B06B51E48500400F6759F /* ZCSegmentControl */ = {
			isa = PBXGroup;
			children = (
				E64B06B91E48500400F6759F /* AppDelegate.h */,
				E64B06BA1E48500400F6759F /* AppDelegate.m */,
				E64B06BC1E48500400F6759F /* ViewController.h */,
				E64B06BD1E48500400F6759F /* ViewController.m */,
				E6DD55801E49A6B90087465A /* ConstDef.h */,
				E64B06EF1E48546100F6759F /* UIView+Size.h */,
				E64B06F01E48546100F6759F /* UIView+Size.m */,
				E6DD55981E49D6480087465A /* ViewControllers */,
				E6DD55821E49C6A30087465A /* SegmentControl */,
				E64B06BF1E48500400F6759F /* Main.storyboard */,
				E64B06C21E48500400F6759F /* Assets.xcassets */,
				E64B06C41E48500400F6759F /* LaunchScreen.storyboard */,
				E64B06C71E48500400F6759F /* Info.plist */,
				E64B06B61E48500400F6759F /* Supporting Files */,
			);
			path = ZCSegmentControl;
			sourceTree = "<group>";
		};
		E64B06B61E48500400F6759F /* Supporting Files */ = {
			isa = PBXGroup;
			children = (
				E64B06B71E48500400F6759F /* main.m */,
			);
			name = "Supporting Files";
			sourceTree = "<group>";
		};
		E64B06CF1E48500400F6759F /* ZCSegmentControlTests */ = {
			isa = PBXGroup;
			children = (
				E64B06D01E48500400F6759F /* ZCSegmentControlTests.m */,
				E64B06D21E48500400F6759F /* Info.plist */,
			);
			path = ZCSegmentControlTests;
			sourceTree = "<group>";
		};
		E64B06DA1E48500400F6759F /* ZCSegmentControlUITests */ = {
			isa = PBXGroup;
			children = (
				E64B06DB1E48500400F6759F /* ZCSegmentControlUITests.m */,
				E64B06DD1E48500400F6759F /* Info.plist */,
			);
			path = ZCSegmentControlUITests;
			sourceTree = "<group>";
		};
		E6DD55821E49C6A30087465A /* SegmentControl */ = {
			isa = PBXGroup;
			children = (
				E64B06E91E48506D00F6759F /* SegCtrlBarView.h */,
				E64B06EA1E48506D00F6759F /* SegCtrlBarView.m */,
				E64B06EC1E48536E00F6759F /* SegCtrlItem.h */,
				E64B06ED1E48536E00F6759F /* SegCtrlItem.m */,
				E6DD55831E49C7240087465A /* SegCtrlScrollView.h */,
				E6DD55841E49C7240087465A /* SegCtrlScrollView.m */,
			);
			name = SegmentControl;
			sourceTree = "<group>";
		};
		E6DD55981E49D6480087465A /* ViewControllers */ = {
			isa = PBXGroup;
			children = (
				E6DD55861E49D6370087465A /* FifthViewController.h */,
				E6DD55871E49D6370087465A /* FifthViewController.m */,
				E6DD55881E49D6370087465A /* FirstViewController.h */,
				E6DD55891E49D6370087465A /* FirstViewController.m */,
				E6DD558A1E49D6370087465A /* FourthViewController.h */,
				E6DD558B1E49D6370087465A /* FourthViewController.m */,
				E6DD558C1E49D6370087465A /* SecondViewController.h */,
				E6DD558D1E49D6370087465A /* SecondViewController.m */,
				E6DD558E1E49D6370087465A /* SixthViewController.h */,
				E6DD558F1E49D6370087465A /* SixthViewController.m */,
				E6DD55901E49D6370087465A /* ThirdViewController.h */,
				E6DD55911E49D6370087465A /* ThirdViewController.m */,
			);
			name = ViewControllers;
			sourceTree = "<group>";
		};
/* End PBXGroup section */

/* Begin PBXNativeTarget section */
		E64B06B21E48500400F6759F /* ZCSegmentControl */ = {
			isa = PBXNativeTarget;
			buildConfigurationList = E64B06E01E48500400F6759F /* Build configuration list for PBXNativeTarget "ZCSegmentControl" */;
			buildPhases = (
				E64B06AF1E48500400F6759F /* Sources */,
				E64B06B01E48500400F6759F /* Frameworks */,
				E64B06B11E48500400F6759F /* Resources */,
			);
			buildRules = (
			);
			dependencies = (
			);
			name = ZCSegmentControl;
			productName = ZCSegmentControl;
			productReference = E64B06B31E48500400F6759F /* ZCSegmentControl.app */;
			productType = "com.apple.product-type.application";
		};
		E64B06CB1E48500400F6759F /* ZCSegmentControlTests */ = {
			isa = PBXNativeTarget;
			buildConfigurationList = E64B06E31E48500400F6759F /* Build configuration list for PBXNativeTarget "ZCSegmentControlTests" */;
			buildPhases = (
				E64B06C81E48500400F6759F /* Sources */,
				E64B06C91E48500400F6759F /* Frameworks */,
				E64B06CA1E48500400F6759F /* Resources */,
			);
			buildRules = (
			);
			dependencies = (
				E64B06CE1E48500400F6759F /* PBXTargetDependency */,
			);
			name = ZCSegmentControlTests;
			productName = ZCSegmentControlTests;
			productReference = E64B06CC1E48500400F6759F /* ZCSegmentControlTests.xctest */;
			productType = "com.apple.product-type.bundle.unit-test";
		};
		E64B06D61E48500400F6759F /* ZCSegmentControlUITests */ = {
			isa = PBXNativeTarget;
			buildConfigurationList = E64B06E61E48500400F6759F /* Build configuration list for PBXNativeTarget "ZCSegmentControlUITests" */;
			buildPhases = (
				E64B06D31E48500400F6759F /* Sources */,
				E64B06D41E48500400F6759F /* Frameworks */,
				E64B06D51E48500400F6759F /* Resources */,
			);
			buildRules = (
			);
			dependencies = (
				E64B06D91E48500400F6759F /* PBXTargetDependency */,
			);
			name = ZCSegmentControlUITests;
			productName = ZCSegmentControlUITests;
			productReference = E64B06D71E48500400F6759F /* ZCSegmentControlUITests.xctest */;
			productType = "com.apple.product-type.bundle.ui-testing";
		};
/* End PBXNativeTarget section */

/* Begin PBXProject section */
		E64B06AB1E48500400F6759F /* Project object */ = {
			isa = PBXProject;
			attributes = {
				LastUpgradeCheck = 0810;
				ORGANIZATIONNAME = QITMAC000242;
				TargetAttributes = {
					E64B06B21E48500400F6759F = {
						CreatedOnToolsVersion = 8.1;
						ProvisioningStyle = Automatic;
					};
					E64B06CB1E48500400F6759F = {
						CreatedOnToolsVersion = 8.1;
						ProvisioningStyle = Automatic;
						TestTargetID = E64B06B21E48500400F6759F;
					};
					E64B06D61E48500400F6759F = {
						CreatedOnToolsVersion = 8.1;
						ProvisioningStyle = Automatic;
						TestTargetID = E64B06B21E48500400F6759F;
					};
				};
			};
			buildConfigurationList = E64B06AE1E48500400F6759F /* Build configuration list for PBXProject "ZCSegmentControl" */;
			compatibilityVersion = "Xcode 3.2";
			developmentRegion = English;
			hasScannedForEncodings = 0;
			knownRegions = (
				en,
				Base,
			);
			mainGroup = E64B06AA1E48500400F6759F;
			productRefGroup = E64B06B41E48500400F6759F /* Products */;
			projectDirPath = "";
			projectRoot = "";
			targets = (
				E64B06B21E48500400F6759F /* ZCSegmentControl */,
				E64B06CB1E48500400F6759F /* ZCSegmentControlTests */,
				E64B06D61E48500400F6759F /* ZCSegmentControlUITests */,
			);
		};
/* End PBXProject section */

/* Begin PBXResourcesBuildPhase section */
		E64B06B11E48500400F6759F /* Resources */ = {
			isa = PBXResourcesBuildPhase;
			buildActionMask = 2147483647;
			files = (
				E64B06C61E48500400F6759F /* LaunchScreen.storyboard in Resources */,
				E64B06C31E48500400F6759F /* Assets.xcassets in Resources */,
				E64B06C11E48500400F6759F /* Main.storyboard in Resources */,
			);
			runOnlyForDeploymentPostprocessing = 0;
		};
		E64B06CA1E48500400F6759F /* Resources */ = {
			isa = PBXResourcesBuildPhase;
			buildActionMask = 2147483647;
			files = (
			);
			runOnlyForDeploymentPostprocessing = 0;
		};
		E64B06D51E48500400F6759F /* Resources */ = {
			isa = PBXResourcesBuildPhase;
			buildActionMask = 2147483647;
			files = (
			);
			runOnlyForDeploymentPostprocessing = 0;
		};
/* End PBXResourcesBuildPhase section */

/* Begin PBXSourcesBuildPhase section */
		E64B06AF1E48500400F6759F /* Sources */ = {
			isa = PBXSourcesBuildPhase;
			buildActionMask = 2147483647;
			files = (
				E6DD55951E49D6370087465A /* SecondViewController.m in Sources */,
				E6DD55921E49D6370087465A /* FifthViewController.m in Sources */,
				E64B06BE1E48500400F6759F /* ViewController.m in Sources */,
				E64B06BB1E48500400F6759F /* AppDelegate.m in Sources */,
				E6DD55811E49A6B90087465A /* ConstDef.h in Sources */,
				E64B06B81E48500400F6759F /* main.m in Sources */,
				E6DD55971E49D6370087465A /* ThirdViewController.m in Sources */,
				E6DD55941E49D6370087465A /* FourthViewController.m in Sources */,
				E64B06F11E48546100F6759F /* UIView+Size.m in Sources */,
				E64B06EB1E48506D00F6759F /* SegCtrlBarView.m in Sources */,
				E6DD55961E49D6370087465A /* SixthViewController.m in Sources */,
				E6DD55931E49D6370087465A /* FirstViewController.m in Sources */,
				E64B06EE1E48536E00F6759F /* SegCtrlItem.m in Sources */,
				E6DD55851E49C7240087465A /* SegCtrlScrollView.m in Sources */,
			);
			runOnlyForDeploymentPostprocessing = 0;
		};
		E64B06C81E48500400F6759F /* Sources */ = {
			isa = PBXSourcesBuildPhase;
			buildActionMask = 2147483647;
			files = (
				E64B06D11E48500400F6759F /* ZCSegmentControlTests.m in Sources */,
			);
			runOnlyForDeploymentPostprocessing = 0;
		};
		E64B06D31E48500400F6759F /* Sources */ = {
			isa = PBXSourcesBuildPhase;
			buildActionMask = 2147483647;
			files = (
				E64B06DC1E48500400F6759F /* ZCSegmentControlUITests.m in Sources */,
			);
			runOnlyForDeploymentPostprocessing = 0;
		};
/* End PBXSourcesBuildPhase section */

/* Begin PBXTargetDependency section */
		E64B06CE1E48500400F6759F /* PBXTargetDependency */ = {
			isa = PBXTargetDependency;
			target = E64B06B21E48500400F6759F /* ZCSegmentControl */;
			targetProxy = E64B06CD1E48500400F6759F /* PBXContainerItemProxy */;
		};
		E64B06D91E48500400F6759F /* PBXTargetDependency */ = {
			isa = PBXTargetDependency;
			target = E64B06B21E48500400F6759F /* ZCSegmentControl */;
			targetProxy = E64B06D81E48500400F6759F /* PBXContainerItemProxy */;
		};
/* End PBXTargetDependency section */

/* Begin PBXVariantGroup section */
		E64B06BF1E48500400F6759F /* Main.storyboard */ = {
			isa = PBXVariantGroup;
			children = (
				E64B06C01E48500400F6759F /* Base */,
			);
			name = Main.storyboard;
			sourceTree = "<group>";
		};
		E64B06C41E48500400F6759F /* LaunchScreen.storyboard */ = {
			isa = PBXVariantGroup;
			children = (
				E64B06C51E48500400F6759F /* Base */,
			);
			name = LaunchScreen.storyboard;
			sourceTree = "<group>";
		};
/* End PBXVariantGroup section */

/* Begin XCBuildConfiguration section */
		E64B06DE1E48500400F6759F /* Debug */ = {
			isa = XCBuildConfiguration;
			buildSettings = {
				ALWAYS_SEARCH_USER_PATHS = NO;
				CLANG_ANALYZER_NONNULL = YES;
				CLANG_CXX_LANGUAGE_STANDARD = "gnu++0x";
				CLANG_CXX_LIBRARY = "libc++";
				CLANG_ENABLE_MODULES = YES;
				CLANG_ENABLE_OBJC_ARC = YES;
				CLANG_WARN_BOOL_CONVERSION = YES;
				CLANG_WARN_CONSTANT_CONVERSION = YES;
				CLANG_WARN_DIRECT_OBJC_ISA_USAGE = YES_ERROR;
				CLANG_WARN_DOCUMENTATION_COMMENTS = YES;
				CLANG_WARN_EMPTY_BODY = YES;
				CLANG_WARN_ENUM_CONVERSION = YES;
				CLANG_WARN_INFINITE_RECURSION = YES;
				CLANG_WARN_INT_CONVERSION = YES;
				CLANG_WARN_OBJC_ROOT_CLASS = YES_ERROR;
				CLANG_WARN_SUSPICIOUS_MOVES = YES;
				CLANG_WARN_UNREACHABLE_CODE = YES;
				CLANG_WARN__DUPLICATE_METHOD_MATCH = YES;
				"CODE_SIGN_IDENTITY[sdk=iphoneos*]" = "iPhone Developer";
				COPY_PHASE_STRIP = NO;
				DEBUG_INFORMATION_FORMAT = dwarf;
				ENABLE_STRICT_OBJC_MSGSEND = YES;
				ENABLE_TESTABILITY = YES;
				GCC_C_LANGUAGE_STANDARD = gnu99;
				GCC_DYNAMIC_NO_PIC = NO;
				GCC_NO_COMMON_BLOCKS = YES;
				GCC_OPTIMIZATION_LEVEL = 0;
				GCC_PREPROCESSOR_DEFINITIONS = (
					"DEBUG=1",
					"$(inherited)",
				);
				GCC_WARN_64_TO_32_BIT_CONVERSION = YES;
				GCC_WARN_ABOUT_RETURN_TYPE = YES_ERROR;
				GCC_WARN_UNDECLARED_SELECTOR = YES;
				GCC_WARN_UNINITIALIZED_AUTOS = YES_AGGRESSIVE;
				GCC_WARN_UNUSED_FUNCTION = YES;
				GCC_WARN_UNUSED_VARIABLE = YES;
				IPHONEOS_DEPLOYMENT_TARGET = 10.1;
				MTL_ENABLE_DEBUG_INFO = YES;
				ONLY_ACTIVE_ARCH = YES;
				SDKROOT = iphoneos;
			};
			name = Debug;
		};
		E64B06DF1E48500400F6759F /* Release */ = {
			isa = XCBuildConfiguration;
			buildSettings = {
				ALWAYS_SEARCH_USER_PATHS = NO;
				CLANG_ANALYZER_NONNULL = YES;
				CLANG_CXX_LANGUAGE_STANDARD = "gnu++0x";
				CLANG_CXX_LIBRARY = "libc++";
				CLANG_ENABLE_MODULES = YES;
				CLANG_ENABLE_OBJC_ARC = YES;
				CLANG_WARN_BOOL_CONVERSION = YES;
				CLANG_WARN_CONSTANT_CONVERSION = YES;
				CLANG_WARN_DIRECT_OBJC_ISA_USAGE = YES_ERROR;
				CLANG_WARN_DOCUMENTATION_COMMENTS = YES;
				CLANG_WARN_EMPTY_BODY = YES;
				CLANG_WARN_ENUM_CONVERSION = YES;
				CLANG_WARN_INFINITE_RECURSION = YES;
				CLANG_WARN_INT_CONVERSION = YES;
				CLANG_WARN_OBJC_ROOT_CLASS = YES_ERROR;
				CLANG_WARN_SUSPICIOUS_MOVES = YES;
				CLANG_WARN_UNREACHABLE_CODE = YES;
				CLANG_WARN__DUPLICATE_METHOD_MATCH = YES;
				"CODE_SIGN_IDENTITY[sdk=iphoneos*]" = "iPhone Developer";
				COPY_PHASE_STRIP = NO;
				DEBUG_INFORMATION_FORMAT = "dwarf-with-dsym";
				ENABLE_NS_ASSERTIONS = NO;
				ENABLE_STRICT_OBJC_MSGSEND = YES;
				GCC_C_LANGUAGE_STANDARD = gnu99;
				GCC_NO_COMMON_BLOCKS = YES;
				GCC_WARN_64_TO_32_BIT_CONVERSION = YES;
				GCC_WARN_ABOUT_RETURN_TYPE = YES_ERROR;
				GCC_WARN_UNDECLARED_SELECTOR = YES;
				GCC_WARN_UNINITIALIZED_AUTOS = YES_AGGRESSIVE;
				GCC_WARN_UNUSED_FUNCTION = YES;
				GCC_WARN_UNUSED_VARIABLE = YES;
				IPHONEOS_DEPLOYMENT_TARGET = 10.1;
				MTL_ENABLE_DEBUG_INFO = NO;
				SDKROOT = iphoneos;
				VALIDATE_PRODUCT = YES;
			};
			name = Release;
		};
		E64B06E11E48500400F6759F /* Debug */ = {
			isa = XCBuildConfiguration;
			buildSettings = {
				ASSETCATALOG_COMPILER_APPICON_NAME = AppIcon;
				INFOPLIST_FILE = ZCSegmentControl/Info.plist;
				LD_RUNPATH_SEARCH_PATHS = "$(inherited) @executable_path/Frameworks";
				PRODUCT_BUNDLE_IDENTIFIER = com.qunar.ZCSegmentControl;
				PRODUCT_NAME = "$(TARGET_NAME)";
			};
			name = Debug;
		};
		E64B06E21E48500400F6759F /* Release */ = {
			isa = XCBuildConfiguration;
			buildSettings = {
				ASSETCATALOG_COMPILER_APPICON_NAME = AppIcon;
				INFOPLIST_FILE = ZCSegmentControl/Info.plist;
				LD_RUNPATH_SEARCH_PATHS = "$(inherited) @executable_path/Frameworks";
				PRODUCT_BUNDLE_IDENTIFIER = com.qunar.ZCSegmentControl;
				PRODUCT_NAME = "$(TARGET_NAME)";
			};
			name = Release;
		};
		E64B06E41E48500400F6759F /* Debug */ = {
			isa = XCBuildConfiguration;
			buildSettings = {
				BUNDLE_LOADER = "$(TEST_HOST)";
				INFOPLIST_FILE = ZCSegmentControlTests/Info.plist;
				LD_RUNPATH_SEARCH_PATHS = "$(inherited) @executable_path/Frameworks @loader_path/Frameworks";
				PRODUCT_BUNDLE_IDENTIFIER = com.qunar.ZCSegmentControlTests;
				PRODUCT_NAME = "$(TARGET_NAME)";
				TEST_HOST = "$(BUILT_PRODUCTS_DIR)/ZCSegmentControl.app/ZCSegmentControl";
			};
			name = Debug;
		};
		E64B06E51E48500400F6759F /* Release */ = {
			isa = XCBuildConfiguration;
			buildSettings = {
				BUNDLE_LOADER = "$(TEST_HOST)";
				INFOPLIST_FILE = ZCSegmentControlTests/Info.plist;
				LD_RUNPATH_SEARCH_PATHS = "$(inherited) @executable_path/Frameworks @loader_path/Frameworks";
				PRODUCT_BUNDLE_IDENTIFIER = com.qunar.ZCSegmentControlTests;
				PRODUCT_NAME = "$(TARGET_NAME)";
				TEST_HOST = "$(BUILT_PRODUCTS_DIR)/ZCSegmentControl.app/ZCSegmentControl";
			};
			name = Release;
		};
		E64B06E71E48500400F6759F /* Debug */ = {
			isa = XCBuildConfiguration;
			buildSettings = {
				INFOPLIST_FILE = ZCSegmentControlUITests/Info.plist;
				LD_RUNPATH_SEARCH_PATHS = "$(inherited) @executable_path/Frameworks @loader_path/Frameworks";
				PRODUCT_BUNDLE_IDENTIFIER = com.qunar.ZCSegmentControlUITests;
				PRODUCT_NAME = "$(TARGET_NAME)";
				TEST_TARGET_NAME = ZCSegmentControl;
			};
			name = Debug;
		};
		E64B06E81E48500400F6759F /* Release */ = {
			isa = XCBuildConfiguration;
			buildSettings = {
				INFOPLIST_FILE = ZCSegmentControlUITests/Info.plist;
				LD_RUNPATH_SEARCH_PATHS = "$(inherited) @executable_path/Frameworks @loader_path/Frameworks";
				PRODUCT_BUNDLE_IDENTIFIER = com.qunar.ZCSegmentControlUITests;
				PRODUCT_NAME = "$(TARGET_NAME)";
				TEST_TARGET_NAME = ZCSegmentControl;
			};
			name = Release;
		};
/* End XCBuildConfiguration section */

/* Begin XCConfigurationList section */
		E64B06AE1E48500400F6759F /* Build configuration list for PBXProject "ZCSegmentControl" */ = {
			isa = XCConfigurationList;
			buildConfigurations = (
				E64B06DE1E48500400F6759F /* Debug */,
				E64B06DF1E48500400F6759F /* Release */,
			);
			defaultConfigurationIsVisible = 0;
			defaultConfigurationName = Release;
		};
		E64B06E01E48500400F6759F /* Build configuration list for PBXNativeTarget "ZCSegmentControl" */ = {
			isa = XCConfigurationList;
			buildConfigurations = (
				E64B06E11E48500400F6759F /* Debug */,
				E64B06E21E48500400F6759F /* Release */,
			);
			defaultConfigurationIsVisible = 0;
			defaultConfigurationName = Release;
		};
		E64B06E31E48500400F6759F /* Build configuration list for PBXNativeTarget "ZCSegmentControlTests" */ = {
			isa = XCConfigurationList;
			buildConfigurations = (
				E64B06E41E48500400F6759F /* Debug */,
				E64B06E51E48500400F6759F /* Release */,
			);
			defaultConfigurationIsVisible = 0;
			defaultConfigurationName = Release;
		};
		E64B06E61E48500400F6759F /* Build configuration list for PBXNativeTarget "ZCSegmentControlUITests" */ = {
			isa = XCConfigurationList;
			buildConfigurations = (
				E64B06E71E48500400F6759F /* Debug */,
				E64B06E81E48500400F6759F /* Release */,
			);
			defaultConfigurationIsVisible = 0;
			defaultConfigurationName = Release;
		};
/* End XCConfigurationList section */
	};
	rootObject = E64B06AB1E48500400F6759F /* Project object */;
}
